{
  "version": 4,
  "terraform_version": "1.5.5",
  "serial": 167,
  "lineage": "637cd0c6-05c9-7a06-a90d-ada131a636e8",
  "outputs": {
    "public_ip": {
      "value": "18.143.121.114",
      "type": "string"
    }
  },
  "resources": [
    {
      "module": "module.ec2",
      "mode": "managed",
      "type": "aws_ebs_volume",
      "name": "web_volume",
      "provider": "module.ec2.provider[\"registry.terraform.io/hashicorp/aws\"]",
      "instances": [
        {
          "schema_version": 0,
          "attributes": {
            "arn": "arn:aws:ec2:ap-southeast-1:527552148303:volume/vol-00cc2715010b77ff8",
            "availability_zone": "ap-southeast-1a",
            "encrypted": false,
            "final_snapshot": false,
            "id": "vol-00cc2715010b77ff8",
            "iops": 100,
            "kms_key_id": "",
            "multi_attach_enabled": false,
            "outpost_arn": "",
            "size": 10,
            "snapshot_id": "",
            "tags": {
              "Name": "web_volume"
            },
            "tags_all": {
              "Name": "web_volume"
            },
            "throughput": 0,
            "timeouts": null,
            "type": "gp2"
          },
          "sensitive_attributes": [],
          "private": "eyJlMmJmYjczMC1lY2FhLTExZTYtOGY4OC0zNDM2M2JjN2M0YzAiOnsiY3JlYXRlIjozMDAwMDAwMDAwMDAsImRlbGV0ZSI6MzAwMDAwMDAwMDAwLCJ1cGRhdGUiOjMwMDAwMDAwMDAwMH19"
        }
      ]
    },
    {
      "module": "module.ec2",
      "mode": "managed",
      "type": "aws_eip",
      "name": "public_ip",
      "provider": "module.ec2.provider[\"registry.terraform.io/hashicorp/aws\"]",
      "instances": [
        {
          "schema_version": 0,
          "attributes": {
            "address": null,
            "allocation_id": "eipalloc-088bfef21b1b1db35",
            "associate_with_private_ip": null,
            "association_id": "eipassoc-0ae460f3e026b2fa3",
            "carrier_ip": "",
            "customer_owned_ip": "",
            "customer_owned_ipv4_pool": "",
            "domain": "vpc",
            "id": "eipalloc-088bfef21b1b1db35",
            "instance": "i-05b83a34f4ebc9ecb",
            "network_border_group": "ap-southeast-1",
            "network_interface": "eni-0ca0fdbf2a82b418f",
            "private_dns": "ip-10-0-0-236.ap-southeast-1.compute.internal",
            "private_ip": "10.0.0.236",
            "public_dns": "ec2-18-143-121-114.ap-southeast-1.compute.amazonaws.com",
            "public_ip": "18.143.121.114",
            "public_ipv4_pool": "amazon",
            "tags": {},
            "tags_all": {},
            "timeouts": null,
            "vpc": true
          },
          "sensitive_attributes": [],
          "private": "eyJlMmJmYjczMC1lY2FhLTExZTYtOGY4OC0zNDM2M2JjN2M0YzAiOnsiZGVsZXRlIjoxODAwMDAwMDAwMDAsInJlYWQiOjkwMDAwMDAwMDAwMCwidXBkYXRlIjozMDAwMDAwMDAwMDB9fQ==",
          "dependencies": [
            "module.ec2.aws_instance.web",
            "module.security_group.aws_security_group.webserver-security-group",
            "module.vpc.aws_subnet.public-subnet-1"
          ]
        }
      ]
    },
    {
      "module": "module.ec2",
      "mode": "managed",
      "type": "aws_instance",
      "name": "web",
      "provider": "module.ec2.provider[\"registry.terraform.io/hashicorp/aws\"]",
      "instances": [
        {
          "schema_version": 1,
          "attributes": {
            "ami": "ami-091a58610910a87a9",
            "arn": "arn:aws:ec2:ap-southeast-1:527552148303:instance/i-05b83a34f4ebc9ecb",
            "associate_public_ip_address": true,
            "availability_zone": "ap-southeast-1a",
            "capacity_reservation_specification": [
              {
                "capacity_reservation_preference": "open",
                "capacity_reservation_target": []
              }
            ],
            "cpu_core_count": 1,
            "cpu_options": [
              {
                "amd_sev_snp": "",
                "core_count": 1,
                "threads_per_core": 1
              }
            ],
            "cpu_threads_per_core": 1,
            "credit_specification": [
              {
                "cpu_credits": "standard"
              }
            ],
            "disable_api_stop": false,
            "disable_api_termination": false,
            "ebs_block_device": [],
            "ebs_optimized": false,
            "enclave_options": [
              {
                "enabled": false
              }
            ],
            "ephemeral_block_device": [],
            "get_password_data": false,
            "hibernation": false,
            "host_id": "",
            "host_resource_group_arn": null,
            "iam_instance_profile": "",
            "id": "i-05b83a34f4ebc9ecb",
            "instance_initiated_shutdown_behavior": "stop",
            "instance_lifecycle": "",
            "instance_market_options": [],
            "instance_state": "running",
            "instance_type": "t2.micro",
            "ipv6_address_count": 0,
            "ipv6_addresses": [],
            "key_name": "TEST",
            "launch_template": [],
            "maintenance_options": [
              {
                "auto_recovery": "default"
              }
            ],
            "metadata_options": [
              {
                "http_endpoint": "enabled",
                "http_protocol_ipv6": "disabled",
                "http_put_response_hop_limit": 2,
                "http_tokens": "required",
                "instance_metadata_tags": "disabled"
              }
            ],
            "monitoring": false,
            "network_interface": [],
            "outpost_arn": "",
            "password_data": "",
            "placement_group": "",
            "placement_partition_number": 0,
            "primary_network_interface_id": "eni-0ca0fdbf2a82b418f",
            "private_dns": "ip-10-0-0-236.ap-southeast-1.compute.internal",
            "private_dns_name_options": [
              {
                "enable_resource_name_dns_a_record": false,
                "enable_resource_name_dns_aaaa_record": false,
                "hostname_type": "ip-name"
              }
            ],
            "private_ip": "10.0.0.236",
            "public_dns": "ec2-18-139-217-155.ap-southeast-1.compute.amazonaws.com",
            "public_ip": "18.139.217.155",
            "root_block_device": [
              {
                "delete_on_termination": true,
                "device_name": "/dev/xvda",
                "encrypted": false,
                "iops": 3000,
                "kms_key_id": "",
                "tags": {},
                "throughput": 125,
                "volume_id": "vol-0de9f0b0d6d232011",
                "volume_size": 8,
                "volume_type": "gp3"
              }
            ],
            "secondary_private_ips": [],
            "security_groups": [
              "sg-0ccfa4c97a1492fd5"
            ],
            "source_dest_check": true,
            "spot_instance_request_id": "",
            "subnet_id": "subnet-05894b6b592d35046",
            "tags": {
              "Name": "EC2-Private"
            },
            "tags_all": {
              "Name": "EC2-Private"
            },
            "tenancy": "default",
            "timeouts": null,
            "user_data": null,
            "user_data_base64": null,
            "user_data_replace_on_change": false,
            "volume_tags": null,
            "vpc_security_group_ids": [
              "sg-0ccfa4c97a1492fd5"
            ]
          },
          "sensitive_attributes": [],
          "private": "eyJlMmJmYjczMC1lY2FhLTExZTYtOGY4OC0zNDM2M2JjN2M0YzAiOnsiY3JlYXRlIjo2MDAwMDAwMDAwMDAsImRlbGV0ZSI6MTIwMDAwMDAwMDAwMCwidXBkYXRlIjo2MDAwMDAwMDAwMDB9LCJzY2hlbWFfdmVyc2lvbiI6IjEifQ==",
          "dependencies": [
            "module.security_group.aws_security_group.webserver-security-group",
            "module.vpc.aws_subnet.public-subnet-1"
          ],
          "create_before_destroy": true
        }
      ]
    },
    {
      "module": "module.ec2",
      "mode": "managed",
      "type": "aws_key_pair",
      "name": "key_pair",
      "provider": "module.ec2.provider[\"registry.terraform.io/hashicorp/aws\"]",
      "instances": [
        {
          "schema_version": 1,
          "attributes": {
            "arn": "arn:aws:ec2:ap-southeast-1:527552148303:key-pair/TEST",
            "fingerprint": "b3:5b:49:3c:e8:ee:4d:ef:b9:24:77:f9:8d:e7:a2:0a",
            "id": "TEST",
            "key_name": "TEST",
            "key_name_prefix": "",
            "key_pair_id": "key-021037c1a0b915ebd",
            "key_type": "rsa",
            "public_key": "ssh-rsa AAAAB3NzaC1yc2EAAAADAQABAAABAQC9yfSpb0qObvsUBYR65ErqMhWTFiAO/OIq5fSGXvIGjVeEkCG/7Ps4AzxZMnWh3LxlaMYLwF+cu75Myjan9jzvZZ/RlZSA1f4C3O5E6BfMdBB1DRHr11GWdYKP549Ba7t2MEMMY1Xp4zV6y1WYuPUq6s5hriy+rZOaefpMu7tzW4KZzZH/y0uptVyd6ddcPTaCPvDZ8Z71P1iuYtTlTpxtjAiMOM7i/1shzys5G1zoAkA+Ft6Ul/HpimGy5E+xr8/xnRWbR6m8xy0T6fRWRFamgRXVVPzXy0S41EY3O15cHSFkwE2Z1y5R96jyYqQvRNyTcCos4OBVEqTCr5MRsiJX",
            "tags": null,
            "tags_all": {}
          },
          "sensitive_attributes": [],
          "private": "eyJzY2hlbWFfdmVyc2lvbiI6IjEifQ==",
          "dependencies": [
            "module.ec2.tls_private_key.key"
          ]
        }
      ]
    },
    {
      "module": "module.ec2",
      "mode": "managed",
      "type": "aws_volume_attachment",
      "name": "web_volume_att",
      "provider": "module.ec2.provider[\"registry.terraform.io/hashicorp/aws\"]",
      "instances": [
        {
          "schema_version": 0,
          "attributes": {
            "device_name": "/dev/xvdh",
            "force_detach": null,
            "id": "vai-2872843236",
            "instance_id": "i-05b83a34f4ebc9ecb",
            "skip_destroy": null,
            "stop_instance_before_detaching": null,
            "timeouts": null,
            "volume_id": "vol-00cc2715010b77ff8"
          },
          "sensitive_attributes": [],
          "private": "eyJlMmJmYjczMC1lY2FhLTExZTYtOGY4OC0zNDM2M2JjN2M0YzAiOnsiY3JlYXRlIjozMDAwMDAwMDAwMDAsImRlbGV0ZSI6MzAwMDAwMDAwMDAwfX0=",
          "dependencies": [
            "module.ec2.aws_ebs_volume.web_volume",
            "module.ec2.aws_instance.web",
            "module.security_group.aws_security_group.webserver-security-group",
            "module.vpc.aws_subnet.public-subnet-1"
          ]
        }
      ]
    },
    {
      "module": "module.ec2",
      "mode": "managed",
      "type": "local_file",
      "name": "private_key",
      "provider": "provider[\"registry.terraform.io/hashicorp/local\"]",
      "instances": [
        {
          "schema_version": 0,
          "attributes": {
            "content": null,
            "content_base64": null,
            "content_base64sha256": "ymgPxNKxr4Kmx8zJJLhI9POdXnQGcxXBYXCei7CBzcE=",
            "content_base64sha512": "ddoxFNkmiJovApyrwVP0iLabmyDGoDSRz30TsUM8LXIWhH6xAlqlLpbZ15dc3ianQQUaV52evpJaV6/CmZPTtg==",
            "content_md5": "d604ccc60201c99496df120aeeecf084",
            "content_sha1": "8d5f7dcfd08ca5eb18cff404425265822768ea2f",
            "content_sha256": "ca680fc4d2b1af82a6c7ccc924b848f4f39d5e74067315c161709e8bb081cdc1",
            "content_sha512": "75da3114d926889a2f029cabc153f488b69b9b20c6a03491cf7d13b1433c2d7216847eb1025aa52e96d9d7975cde26a741051a579d9ebe925a57afc29993d3b6",
            "directory_permission": "0777",
            "file_permission": "0400",
            "filename": "TEST.pem",
            "id": "8d5f7dcfd08ca5eb18cff404425265822768ea2f",
            "sensitive_content": "-----BEGIN RSA PRIVATE KEY-----\nMIIEowIBAAKCAQEAvcn0qW9Kjm77FAWEeuRK6jIVkxYgDvziKuX0hl7yBo1XhJAh\nv+z7OAM8WTJ1ody8ZWjGC8BfnLu+TMo2p/Y872Wf0ZWUgNX+AtzuROgXzHQQdQ0R\n69dRlnWCj+ePQWu7djBDDGNV6eM1estVmLj1KurOYa4svq2Tmnn6TLu7c1uCmc2R\n/8tLqbVcnenXXD02gj7w2fGe9T9YrmLU5U6cbYwIjDjO4v9bIc8rORtc6AJAPhbe\nlJfx6YphsuRPsa/P8Z0Vm0epvMctE+n0VkRWpoEV1VT818tEuNRGNzteXB0hZMBN\nmdcuUfeo8mKkL0Tck3AqLODgVRKkwq+TEbIiVwIDAQABAoIBABF0IC7w0C93H1oB\nA+T1V7pf7sH/F+Wo9fex/CHbW3Ck0Pac9q2a0qOdEJC3ZkADd8Pvtb7g6yoTzfVr\n50jdCU+OzfrNQcHzbA/BV5w4p++igNzy3cINpDAtEFvBlNgUW0IMQC5EeGMxBPsM\n9gs8fzd6Lo6nIPBMMDXVn+IspZl/GQKP4Uri89ZBvg2XSLBEG2o0QD6gqb4XZguI\nJQSTfAR3unPWo4x/PdpXIniBsGKs5cyWbGjfGIW6aVfoKJO6G/px8WZTYekh6eE/\nGY18pcyKsvMvwi39NbXaPJJ2lAW+zgpGHyBuL390/pM9dwcbtDGOk5NyY2dcFkpB\ndVlVCwECgYEA/GHgMFnKbKKlhAYPTDU8Be5JdeQMq2pq/qJ0MyltKw6FruV3OV9H\nGTv2SaSxcYikEPVCJ8i2Y1zA5hF7Haq9v9Dfd9yb5ZxyTw5kq+tBjST7MyIta9Wi\nXqiD88VycThAoBG+v7j36pZFGOQOhaIl551D/E8paVA+GbFJB68s/9cCgYEAwIJk\nO/CqO52HMGsc1gNrOOPTvFXkmIcV7ZwLJugTieyQZihYWw/7m9YW3Gm4FDfwR8Wz\nEtQOsQwsiGbxepSHocC/1N3bdMKYcf/fTAvFsfdp9U8YN5uxNyWYo8xAWM1C1nv8\n8yi6Op27OfK3wWupXy6MIDAe5jAiam6lILH5oYECgYBDl7MDQAkGr0jE4xqVvmwk\n6nyiJkF+ZzHgoIGecinarjj/blVP+ESCbZy4fHNJhN7r68OcBBVU5zKCa4wdlezb\nwoUXBO57wDqdEa3EnW0g8BaWy0B+8OhbkaZFU0wjJn2oYRhFILTFDxnSYMHC6Hpe\nXbAnksv0eJkpKGH2vOPAYQKBgQCZq7yNqIiLfC09dlOXdzUxPZR4w+vt4e+cNDMm\nxJ1MPT3rfotBbdnAxT6Mhgu+gATbljJjdkmgBQLLg7mBy20VrwKyzsLvSqNcZQ9/\n6enPLZw0iQXg5fSp++YD4vj+qiOPiXwbMsiuH9kj4d/Tk7ipVUPgMemIgKYIZfiE\nx+1ogQKBgDF4lHY0MHlYDXU+ExnSH0+zONais1Wzz2V1iW+hpx7uHQUAeG0akgIW\nC1m9N5lvbd1s/xX2fRJZ93AdlmdDkPp2yNFLn+KRhJpMKoD8RsTgEhXEA6GSOFMg\nbB52BmCbkedOaZGAsSXTYuMWXlraECqvg239NrRkqi+bt/g6BxYz\n-----END RSA PRIVATE KEY-----\n",
            "source": null
          },
          "sensitive_attributes": [
            [
              {
                "type": "get_attr",
                "value": "sensitive_content"
              }
            ]
          ],
          "dependencies": [
            "module.ec2.tls_private_key.key"
          ]
        }
      ]
    },
    {
      "module": "module.ec2",
      "mode": "managed",
      "type": "tls_private_key",
      "name": "key",
      "provider": "provider[\"registry.terraform.io/hashicorp/tls\"]",
      "instances": [
        {
          "schema_version": 1,
          "attributes": {
            "algorithm": "RSA",
            "ecdsa_curve": "P224",
            "id": "bf5c32cbbae620f39a9f12bf8f7d858bdd4daf7c",
            "private_key_openssh": "-----BEGIN OPENSSH PRIVATE KEY-----\nb3BlbnNzaC1rZXktdjEAAAAABG5vbmUAAAAEbm9uZQAAAAAAAAABAAABFwAAAAdz\nc2gtcnNhAAAAAwEAAQAAAQEAvcn0qW9Kjm77FAWEeuRK6jIVkxYgDvziKuX0hl7y\nBo1XhJAhv+z7OAM8WTJ1ody8ZWjGC8BfnLu+TMo2p/Y872Wf0ZWUgNX+AtzuROgX\nzHQQdQ0R69dRlnWCj+ePQWu7djBDDGNV6eM1estVmLj1KurOYa4svq2Tmnn6TLu7\nc1uCmc2R/8tLqbVcnenXXD02gj7w2fGe9T9YrmLU5U6cbYwIjDjO4v9bIc8rORtc\n6AJAPhbelJfx6YphsuRPsa/P8Z0Vm0epvMctE+n0VkRWpoEV1VT818tEuNRGNzte\nXB0hZMBNmdcuUfeo8mKkL0Tck3AqLODgVRKkwq+TEbIiVwAAA7gdGanEHRmpxAAA\nAAdzc2gtcnNhAAABAQC9yfSpb0qObvsUBYR65ErqMhWTFiAO/OIq5fSGXvIGjVeE\nkCG/7Ps4AzxZMnWh3LxlaMYLwF+cu75Myjan9jzvZZ/RlZSA1f4C3O5E6BfMdBB1\nDRHr11GWdYKP549Ba7t2MEMMY1Xp4zV6y1WYuPUq6s5hriy+rZOaefpMu7tzW4KZ\nzZH/y0uptVyd6ddcPTaCPvDZ8Z71P1iuYtTlTpxtjAiMOM7i/1shzys5G1zoAkA+\nFt6Ul/HpimGy5E+xr8/xnRWbR6m8xy0T6fRWRFamgRXVVPzXy0S41EY3O15cHSFk\nwE2Z1y5R96jyYqQvRNyTcCos4OBVEqTCr5MRsiJXAAAAAwEAAQAAAQARdCAu8NAv\ndx9aAQPk9Ve6X+7B/xflqPX3sfwh21twpND2nPatmtKjnRCQt2ZAA3fD77W+4Osq\nE831a+dI3QlPjs36zUHB82wPwVecOKfvooDc8t3CDaQwLRBbwZTYFFtCDEAuRHhj\nMQT7DPYLPH83ei6OpyDwTDA11Z/iLKWZfxkCj+FK4vPWQb4Nl0iwRBtqNEA+oKm+\nF2YLiCUEk3wEd7pz1qOMfz3aVyJ4gbBirOXMlmxo3xiFumlX6CiTuhv6cfFmU2Hp\nIenhPxmNfKXMirLzL8It/TW12jySdpQFvs4KRh8gbi9/dP6TPXcHG7QxjpOTcmNn\nXBZKQXVZVQsBAAAAgDF4lHY0MHlYDXU+ExnSH0+zONais1Wzz2V1iW+hpx7uHQUA\neG0akgIWC1m9N5lvbd1s/xX2fRJZ93AdlmdDkPp2yNFLn+KRhJpMKoD8RsTgEhXE\nA6GSOFMgbB52BmCbkedOaZGAsSXTYuMWXlraECqvg239NrRkqi+bt/g6BxYzAAAA\ngQD8YeAwWcpsoqWEBg9MNTwF7kl15Ayramr+onQzKW0rDoWu5Xc5X0cZO/ZJpLFx\niKQQ9UInyLZjXMDmEXsdqr2/0N933JvlnHJPDmSr60GNJPszIi1r1aJeqIPzxXJx\nOECgEb6/uPfqlkUY5A6FoiXnnUP8TylpUD4ZsUkHryz/1wAAAIEAwIJkO/CqO52H\nMGsc1gNrOOPTvFXkmIcV7ZwLJugTieyQZihYWw/7m9YW3Gm4FDfwR8WzEtQOsQws\niGbxepSHocC/1N3bdMKYcf/fTAvFsfdp9U8YN5uxNyWYo8xAWM1C1nv88yi6Op27\nOfK3wWupXy6MIDAe5jAiam6lILH5oYEAAAAAAQID\n-----END OPENSSH PRIVATE KEY-----\n",
            "private_key_pem": "-----BEGIN RSA PRIVATE KEY-----\nMIIEowIBAAKCAQEAvcn0qW9Kjm77FAWEeuRK6jIVkxYgDvziKuX0hl7yBo1XhJAh\nv+z7OAM8WTJ1ody8ZWjGC8BfnLu+TMo2p/Y872Wf0ZWUgNX+AtzuROgXzHQQdQ0R\n69dRlnWCj+ePQWu7djBDDGNV6eM1estVmLj1KurOYa4svq2Tmnn6TLu7c1uCmc2R\n/8tLqbVcnenXXD02gj7w2fGe9T9YrmLU5U6cbYwIjDjO4v9bIc8rORtc6AJAPhbe\nlJfx6YphsuRPsa/P8Z0Vm0epvMctE+n0VkRWpoEV1VT818tEuNRGNzteXB0hZMBN\nmdcuUfeo8mKkL0Tck3AqLODgVRKkwq+TEbIiVwIDAQABAoIBABF0IC7w0C93H1oB\nA+T1V7pf7sH/F+Wo9fex/CHbW3Ck0Pac9q2a0qOdEJC3ZkADd8Pvtb7g6yoTzfVr\n50jdCU+OzfrNQcHzbA/BV5w4p++igNzy3cINpDAtEFvBlNgUW0IMQC5EeGMxBPsM\n9gs8fzd6Lo6nIPBMMDXVn+IspZl/GQKP4Uri89ZBvg2XSLBEG2o0QD6gqb4XZguI\nJQSTfAR3unPWo4x/PdpXIniBsGKs5cyWbGjfGIW6aVfoKJO6G/px8WZTYekh6eE/\nGY18pcyKsvMvwi39NbXaPJJ2lAW+zgpGHyBuL390/pM9dwcbtDGOk5NyY2dcFkpB\ndVlVCwECgYEA/GHgMFnKbKKlhAYPTDU8Be5JdeQMq2pq/qJ0MyltKw6FruV3OV9H\nGTv2SaSxcYikEPVCJ8i2Y1zA5hF7Haq9v9Dfd9yb5ZxyTw5kq+tBjST7MyIta9Wi\nXqiD88VycThAoBG+v7j36pZFGOQOhaIl551D/E8paVA+GbFJB68s/9cCgYEAwIJk\nO/CqO52HMGsc1gNrOOPTvFXkmIcV7ZwLJugTieyQZihYWw/7m9YW3Gm4FDfwR8Wz\nEtQOsQwsiGbxepSHocC/1N3bdMKYcf/fTAvFsfdp9U8YN5uxNyWYo8xAWM1C1nv8\n8yi6Op27OfK3wWupXy6MIDAe5jAiam6lILH5oYECgYBDl7MDQAkGr0jE4xqVvmwk\n6nyiJkF+ZzHgoIGecinarjj/blVP+ESCbZy4fHNJhN7r68OcBBVU5zKCa4wdlezb\nwoUXBO57wDqdEa3EnW0g8BaWy0B+8OhbkaZFU0wjJn2oYRhFILTFDxnSYMHC6Hpe\nXbAnksv0eJkpKGH2vOPAYQKBgQCZq7yNqIiLfC09dlOXdzUxPZR4w+vt4e+cNDMm\nxJ1MPT3rfotBbdnAxT6Mhgu+gATbljJjdkmgBQLLg7mBy20VrwKyzsLvSqNcZQ9/\n6enPLZw0iQXg5fSp++YD4vj+qiOPiXwbMsiuH9kj4d/Tk7ipVUPgMemIgKYIZfiE\nx+1ogQKBgDF4lHY0MHlYDXU+ExnSH0+zONais1Wzz2V1iW+hpx7uHQUAeG0akgIW\nC1m9N5lvbd1s/xX2fRJZ93AdlmdDkPp2yNFLn+KRhJpMKoD8RsTgEhXEA6GSOFMg\nbB52BmCbkedOaZGAsSXTYuMWXlraECqvg239NrRkqi+bt/g6BxYz\n-----END RSA PRIVATE KEY-----\n",
            "private_key_pem_pkcs8": "-----BEGIN PRIVATE KEY-----\nMIIEvQIBADANBgkqhkiG9w0BAQEFAASCBKcwggSjAgEAAoIBAQC9yfSpb0qObvsU\nBYR65ErqMhWTFiAO/OIq5fSGXvIGjVeEkCG/7Ps4AzxZMnWh3LxlaMYLwF+cu75M\nyjan9jzvZZ/RlZSA1f4C3O5E6BfMdBB1DRHr11GWdYKP549Ba7t2MEMMY1Xp4zV6\ny1WYuPUq6s5hriy+rZOaefpMu7tzW4KZzZH/y0uptVyd6ddcPTaCPvDZ8Z71P1iu\nYtTlTpxtjAiMOM7i/1shzys5G1zoAkA+Ft6Ul/HpimGy5E+xr8/xnRWbR6m8xy0T\n6fRWRFamgRXVVPzXy0S41EY3O15cHSFkwE2Z1y5R96jyYqQvRNyTcCos4OBVEqTC\nr5MRsiJXAgMBAAECggEAEXQgLvDQL3cfWgED5PVXul/uwf8X5aj197H8IdtbcKTQ\n9pz2rZrSo50QkLdmQAN3w++1vuDrKhPN9WvnSN0JT47N+s1BwfNsD8FXnDin76KA\n3PLdwg2kMC0QW8GU2BRbQgxALkR4YzEE+wz2Czx/N3oujqcg8EwwNdWf4iylmX8Z\nAo/hSuLz1kG+DZdIsEQbajRAPqCpvhdmC4glBJN8BHe6c9ajjH892lcieIGwYqzl\nzJZsaN8YhbppV+gok7ob+nHxZlNh6SHp4T8ZjXylzIqy8y/CLf01tdo8knaUBb7O\nCkYfIG4vf3T+kz13Bxu0MY6Tk3JjZ1wWSkF1WVULAQKBgQD8YeAwWcpsoqWEBg9M\nNTwF7kl15Ayramr+onQzKW0rDoWu5Xc5X0cZO/ZJpLFxiKQQ9UInyLZjXMDmEXsd\nqr2/0N933JvlnHJPDmSr60GNJPszIi1r1aJeqIPzxXJxOECgEb6/uPfqlkUY5A6F\noiXnnUP8TylpUD4ZsUkHryz/1wKBgQDAgmQ78Ko7nYcwaxzWA2s449O8VeSYhxXt\nnAsm6BOJ7JBmKFhbD/ub1hbcabgUN/BHxbMS1A6xDCyIZvF6lIehwL/U3dt0wphx\n/99MC8Wx92n1Txg3m7E3JZijzEBYzULWe/zzKLo6nbs58rfBa6lfLowgMB7mMCJq\nbqUgsfmhgQKBgEOXswNACQavSMTjGpW+bCTqfKImQX5nMeCggZ5yKdquOP9uVU/4\nRIJtnLh8c0mE3uvrw5wEFVTnMoJrjB2V7NvChRcE7nvAOp0RrcSdbSDwFpbLQH7w\n6FuRpkVTTCMmfahhGEUgtMUPGdJgwcLoel5dsCeSy/R4mSkoYfa848BhAoGBAJmr\nvI2oiIt8LT12U5d3NTE9lHjD6+3h75w0MybEnUw9Pet+i0Ft2cDFPoyGC76ABNuW\nMmN2SaAFAsuDuYHLbRWvArLOwu9Ko1xlD3/p6c8tnDSJBeDl9Kn75gPi+P6qI4+J\nfBsyyK4f2SPh39OTuKlVQ+Ax6YiApghl+ITH7WiBAoGAMXiUdjQweVgNdT4TGdIf\nT7M41qKzVbPPZXWJb6GnHu4dBQB4bRqSAhYLWb03mW9t3Wz/FfZ9Eln3cB2WZ0OQ\n+nbI0Uuf4pGEmkwqgPxGxOASFcQDoZI4UyBsHnYGYJuR505pkYCxJdNi4xZeWtoQ\nKq+Dbf02tGSqL5u3+DoHFjM=\n-----END PRIVATE KEY-----\n",
            "public_key_fingerprint_md5": "1e:9c:8f:be:ce:4d:9e:24:cf:57:a4:ac:63:ef:02:12",
            "public_key_fingerprint_sha256": "SHA256:TR82H2LCfJiSh2iG5SXVVEAdMyXwr3n7qF5OjAdrj38",
            "public_key_openssh": "ssh-rsa AAAAB3NzaC1yc2EAAAADAQABAAABAQC9yfSpb0qObvsUBYR65ErqMhWTFiAO/OIq5fSGXvIGjVeEkCG/7Ps4AzxZMnWh3LxlaMYLwF+cu75Myjan9jzvZZ/RlZSA1f4C3O5E6BfMdBB1DRHr11GWdYKP549Ba7t2MEMMY1Xp4zV6y1WYuPUq6s5hriy+rZOaefpMu7tzW4KZzZH/y0uptVyd6ddcPTaCPvDZ8Z71P1iuYtTlTpxtjAiMOM7i/1shzys5G1zoAkA+Ft6Ul/HpimGy5E+xr8/xnRWbR6m8xy0T6fRWRFamgRXVVPzXy0S41EY3O15cHSFkwE2Z1y5R96jyYqQvRNyTcCos4OBVEqTCr5MRsiJX\n",
            "public_key_pem": "-----BEGIN PUBLIC KEY-----\nMIIBIjANBgkqhkiG9w0BAQEFAAOCAQ8AMIIBCgKCAQEAvcn0qW9Kjm77FAWEeuRK\n6jIVkxYgDvziKuX0hl7yBo1XhJAhv+z7OAM8WTJ1ody8ZWjGC8BfnLu+TMo2p/Y8\n72Wf0ZWUgNX+AtzuROgXzHQQdQ0R69dRlnWCj+ePQWu7djBDDGNV6eM1estVmLj1\nKurOYa4svq2Tmnn6TLu7c1uCmc2R/8tLqbVcnenXXD02gj7w2fGe9T9YrmLU5U6c\nbYwIjDjO4v9bIc8rORtc6AJAPhbelJfx6YphsuRPsa/P8Z0Vm0epvMctE+n0VkRW\npoEV1VT818tEuNRGNzteXB0hZMBNmdcuUfeo8mKkL0Tck3AqLODgVRKkwq+TEbIi\nVwIDAQAB\n-----END PUBLIC KEY-----\n",
            "rsa_bits": 2048
          },
          "sensitive_attributes": []
        }
      ]
    },
    {
      "module": "module.security_group",
      "mode": "managed",
      "type": "aws_security_group",
      "name": "webserver-security-group",
      "provider": "module.security_group.provider[\"registry.terraform.io/hashicorp/aws\"]",
      "instances": [
        {
          "schema_version": 1,
          "attributes": {
            "arn": "arn:aws:ec2:ap-southeast-1:527552148303:security-group/sg-0ccfa4c97a1492fd5",
            "description": "Enable HTTP/HTTPS access on Port 80/443 via ALB and SSH access on Port 22",
            "egress": [
              {
                "cidr_blocks": [
                  "0.0.0.0/0"
                ],
                "description": "",
                "from_port": 0,
                "ipv6_cidr_blocks": [],
                "prefix_list_ids": [],
                "protocol": "-1",
                "security_groups": [],
                "self": false,
                "to_port": 0
              }
            ],
            "id": "sg-0ccfa4c97a1492fd5",
            "ingress": [
              {
                "cidr_blocks": [
                  "0.0.0.0/0"
                ],
                "description": "",
                "from_port": 443,
                "ipv6_cidr_blocks": [],
                "prefix_list_ids": [],
                "protocol": "tcp",
                "security_groups": [],
                "self": false,
                "to_port": 443
              },
              {
                "cidr_blocks": [
                  "0.0.0.0/0"
                ],
                "description": "",
                "from_port": 80,
                "ipv6_cidr_blocks": [],
                "prefix_list_ids": [],
                "protocol": "tcp",
                "security_groups": [],
                "self": false,
                "to_port": 80
              },
              {
                "cidr_blocks": [
                  "0.0.0.0/0"
                ],
                "description": "SSH Access",
                "from_port": 22,
                "ipv6_cidr_blocks": [],
                "prefix_list_ids": [],
                "protocol": "tcp",
                "security_groups": [],
                "self": false,
                "to_port": 22
              }
            ],
            "name": "Web Server Security Group",
            "name_prefix": "",
            "owner_id": "527552148303",
            "revoke_rules_on_delete": false,
            "tags": {
              "Name": "Web Server Security Group"
            },
            "tags_all": {
              "Name": "Web Server Security Group"
            },
            "timeouts": null,
            "vpc_id": "vpc-053bf1039a32dad9a"
          },
          "sensitive_attributes": [],
          "private": "eyJlMmJmYjczMC1lY2FhLTExZTYtOGY4OC0zNDM2M2JjN2M0YzAiOnsiY3JlYXRlIjo2MDAwMDAwMDAwMDAsImRlbGV0ZSI6OTAwMDAwMDAwMDAwfSwic2NoZW1hX3ZlcnNpb24iOiIxIn0=",
          "dependencies": [
            "module.vpc.aws_vpc.vpc"
          ],
          "create_before_destroy": true
        }
      ]
    },
    {
      "module": "module.vpc",
      "mode": "managed",
      "type": "aws_internet_gateway",
      "name": "internet-gateway",
      "provider": "module.vpc.provider[\"registry.terraform.io/hashicorp/aws\"]",
      "instances": [
        {
          "schema_version": 0,
          "attributes": {
            "arn": "arn:aws:ec2:ap-southeast-1:527552148303:internet-gateway/igw-0ee7d9bbf5dae036f",
            "id": "igw-0ee7d9bbf5dae036f",
            "owner_id": "527552148303",
            "tags": {
              "Name": "internet_gateway"
            },
            "tags_all": {
              "Name": "internet_gateway"
            },
            "timeouts": null,
            "vpc_id": "vpc-053bf1039a32dad9a"
          },
          "sensitive_attributes": [],
          "private": "eyJlMmJmYjczMC1lY2FhLTExZTYtOGY4OC0zNDM2M2JjN2M0YzAiOnsiY3JlYXRlIjoxMjAwMDAwMDAwMDAwLCJkZWxldGUiOjEyMDAwMDAwMDAwMDAsInVwZGF0ZSI6MTIwMDAwMDAwMDAwMH19",
          "dependencies": [
            "module.vpc.aws_vpc.vpc"
          ]
        }
      ]
    },
    {
      "module": "module.vpc",
      "mode": "managed",
      "type": "aws_route_table",
      "name": "public-route-table",
      "provider": "module.vpc.provider[\"registry.terraform.io/hashicorp/aws\"]",
      "instances": [
        {
          "schema_version": 0,
          "attributes": {
            "arn": "arn:aws:ec2:ap-southeast-1:527552148303:route-table/rtb-07907247dff7e14e1",
            "id": "rtb-07907247dff7e14e1",
            "owner_id": "527552148303",
            "propagating_vgws": [],
            "route": [
              {
                "carrier_gateway_id": "",
                "cidr_block": "0.0.0.0/0",
                "core_network_arn": "",
                "destination_prefix_list_id": "",
                "egress_only_gateway_id": "",
                "gateway_id": "igw-0ee7d9bbf5dae036f",
                "ipv6_cidr_block": "",
                "local_gateway_id": "",
                "nat_gateway_id": "",
                "network_interface_id": "",
                "transit_gateway_id": "",
                "vpc_endpoint_id": "",
                "vpc_peering_connection_id": ""
              }
            ],
            "tags": {
              "Name": "Public Route Table"
            },
            "tags_all": {
              "Name": "Public Route Table"
            },
            "timeouts": null,
            "vpc_id": "vpc-053bf1039a32dad9a"
          },
          "sensitive_attributes": [],
          "private": "eyJlMmJmYjczMC1lY2FhLTExZTYtOGY4OC0zNDM2M2JjN2M0YzAiOnsiY3JlYXRlIjozMDAwMDAwMDAwMDAsImRlbGV0ZSI6MzAwMDAwMDAwMDAwLCJ1cGRhdGUiOjEyMDAwMDAwMDAwMH19",
          "dependencies": [
            "module.vpc.aws_internet_gateway.internet-gateway",
            "module.vpc.aws_vpc.vpc"
          ]
        }
      ]
    },
    {
      "module": "module.vpc",
      "mode": "managed",
      "type": "aws_route_table_association",
      "name": "public-subnet-1-route-table-association",
      "provider": "module.vpc.provider[\"registry.terraform.io/hashicorp/aws\"]",
      "instances": [
        {
          "schema_version": 0,
          "attributes": {
            "gateway_id": "",
            "id": "rtbassoc-094ae2126ee7553b4",
            "route_table_id": "rtb-07907247dff7e14e1",
            "subnet_id": "subnet-05894b6b592d35046",
            "timeouts": null
          },
          "sensitive_attributes": [],
          "private": "eyJlMmJmYjczMC1lY2FhLTExZTYtOGY4OC0zNDM2M2JjN2M0YzAiOnsiY3JlYXRlIjozMDAwMDAwMDAwMDAsImRlbGV0ZSI6MzAwMDAwMDAwMDAwLCJ1cGRhdGUiOjEyMDAwMDAwMDAwMH19",
          "dependencies": [
            "module.vpc.aws_internet_gateway.internet-gateway",
            "module.vpc.aws_route_table.public-route-table",
            "module.vpc.aws_subnet.public-subnet-1",
            "module.vpc.aws_vpc.vpc"
          ]
        }
      ]
    },
    {
      "module": "module.vpc",
      "mode": "managed",
      "type": "aws_subnet",
      "name": "private-subnet-1",
      "provider": "module.vpc.provider[\"registry.terraform.io/hashicorp/aws\"]",
      "instances": [
        {
          "schema_version": 1,
          "attributes": {
            "arn": "arn:aws:ec2:ap-southeast-1:527552148303:subnet/subnet-04c47317811fd7cf4",
            "assign_ipv6_address_on_creation": false,
            "availability_zone": "ap-southeast-1a",
            "availability_zone_id": "apse1-az1",
            "cidr_block": "10.0.2.0/24",
            "customer_owned_ipv4_pool": "",
            "enable_dns64": false,
            "enable_lni_at_device_index": 0,
            "enable_resource_name_dns_a_record_on_launch": false,
            "enable_resource_name_dns_aaaa_record_on_launch": false,
            "id": "subnet-04c47317811fd7cf4",
            "ipv6_cidr_block": "",
            "ipv6_cidr_block_association_id": "",
            "ipv6_native": false,
            "map_customer_owned_ip_on_launch": false,
            "map_public_ip_on_launch": false,
            "outpost_arn": "",
            "owner_id": "527552148303",
            "private_dns_hostname_type_on_launch": "ip-name",
            "tags": {
              "Name": "private-subnet-1"
            },
            "tags_all": {
              "Name": "private-subnet-1"
            },
            "timeouts": null,
            "vpc_id": "vpc-053bf1039a32dad9a"
          },
          "sensitive_attributes": [],
          "private": "eyJlMmJmYjczMC1lY2FhLTExZTYtOGY4OC0zNDM2M2JjN2M0YzAiOnsiY3JlYXRlIjo2MDAwMDAwMDAwMDAsImRlbGV0ZSI6MTIwMDAwMDAwMDAwMH0sInNjaGVtYV92ZXJzaW9uIjoiMSJ9",
          "dependencies": [
            "module.vpc.aws_vpc.vpc"
          ]
        }
      ]
    },
    {
      "module": "module.vpc",
      "mode": "managed",
      "type": "aws_subnet",
      "name": "public-subnet-1",
      "provider": "module.vpc.provider[\"registry.terraform.io/hashicorp/aws\"]",
      "instances": [
        {
          "schema_version": 1,
          "attributes": {
            "arn": "arn:aws:ec2:ap-southeast-1:527552148303:subnet/subnet-05894b6b592d35046",
            "assign_ipv6_address_on_creation": false,
            "availability_zone": "ap-southeast-1a",
            "availability_zone_id": "apse1-az1",
            "cidr_block": "10.0.0.0/24",
            "customer_owned_ipv4_pool": "",
            "enable_dns64": false,
            "enable_lni_at_device_index": 0,
            "enable_resource_name_dns_a_record_on_launch": false,
            "enable_resource_name_dns_aaaa_record_on_launch": false,
            "id": "subnet-05894b6b592d35046",
            "ipv6_cidr_block": "",
            "ipv6_cidr_block_association_id": "",
            "ipv6_native": false,
            "map_customer_owned_ip_on_launch": false,
            "map_public_ip_on_launch": true,
            "outpost_arn": "",
            "owner_id": "527552148303",
            "private_dns_hostname_type_on_launch": "ip-name",
            "tags": {
              "Name": "public-subnet-1"
            },
            "tags_all": {
              "Name": "public-subnet-1"
            },
            "timeouts": null,
            "vpc_id": "vpc-053bf1039a32dad9a"
          },
          "sensitive_attributes": [],
          "private": "eyJlMmJmYjczMC1lY2FhLTExZTYtOGY4OC0zNDM2M2JjN2M0YzAiOnsiY3JlYXRlIjo2MDAwMDAwMDAwMDAsImRlbGV0ZSI6MTIwMDAwMDAwMDAwMH0sInNjaGVtYV92ZXJzaW9uIjoiMSJ9",
          "dependencies": [
            "module.vpc.aws_vpc.vpc"
          ],
          "create_before_destroy": true
        }
      ]
    },
    {
      "module": "module.vpc",
      "mode": "managed",
      "type": "aws_vpc",
      "name": "vpc",
      "provider": "module.vpc.provider[\"registry.terraform.io/hashicorp/aws\"]",
      "instances": [
        {
          "schema_version": 1,
          "attributes": {
            "arn": "arn:aws:ec2:ap-southeast-1:527552148303:vpc/vpc-053bf1039a32dad9a",
            "assign_generated_ipv6_cidr_block": false,
            "cidr_block": "10.0.0.0/16",
            "default_network_acl_id": "acl-05d8f7aaaeb74c192",
            "default_route_table_id": "rtb-0823f932cb352b3f3",
            "default_security_group_id": "sg-09c9661b4570a46a6",
            "dhcp_options_id": "dopt-0afcfb3355ea06b85",
            "enable_dns_hostnames": true,
            "enable_dns_support": true,
            "enable_network_address_usage_metrics": false,
            "id": "vpc-053bf1039a32dad9a",
            "instance_tenancy": "default",
            "ipv4_ipam_pool_id": null,
            "ipv4_netmask_length": null,
            "ipv6_association_id": "",
            "ipv6_cidr_block": "",
            "ipv6_cidr_block_network_border_group": "",
            "ipv6_ipam_pool_id": "",
            "ipv6_netmask_length": 0,
            "main_route_table_id": "rtb-0823f932cb352b3f3",
            "owner_id": "527552148303",
            "tags": {
              "Name": "Test_VPC"
            },
            "tags_all": {
              "Name": "Test_VPC"
            }
          },
          "sensitive_attributes": [],
          "private": "eyJzY2hlbWFfdmVyc2lvbiI6IjEifQ==",
          "create_before_destroy": true
        }
      ]
    }
  ],
  "check_results": null
}
